// !$*UTF8*$!
{
	archiveVersion = 1;
	classes = {
	};
	objectVersion = 48;
	objects = {

/* Begin PBXBuildFile section */
		4A76933F20336DB7008E49B1 /* AppDelegate.swift in Sources */ = {isa = PBXBuildFile; fileRef = 4A76933E20336DB7008E49B1 /* AppDelegate.swift */; };
		4A76934120336DB7008E49B1 /* GameScene.sks in Resources */ = {isa = PBXBuildFile; fileRef = 4A76934020336DB7008E49B1 /* GameScene.sks */; };
		4A76934320336DB7008E49B1 /* Actions.sks in Resources */ = {isa = PBXBuildFile; fileRef = 4A76934220336DB7008E49B1 /* Actions.sks */; };
		4A76934520336DB7008E49B1 /* GameScene.swift in Sources */ = {isa = PBXBuildFile; fileRef = 4A76934420336DB7008E49B1 /* GameScene.swift */; };
		4A76934720336DB7008E49B1 /* GameViewController.swift in Sources */ = {isa = PBXBuildFile; fileRef = 4A76934620336DB7008E49B1 /* GameViewController.swift */; };
		4A76934A20336DB7008E49B1 /* Main.storyboard in Resources */ = {isa = PBXBuildFile; fileRef = 4A76934820336DB7008E49B1 /* Main.storyboard */; };
		4A76934C20336DB7008E49B1 /* Assets.xcassets in Resources */ = {isa = PBXBuildFile; fileRef = 4A76934B20336DB7008E49B1 /* Assets.xcassets */; };
		4A76934F20336DB7008E49B1 /* LaunchScreen.storyboard in Resources */ = {isa = PBXBuildFile; fileRef = 4A76934D20336DB7008E49B1 /* LaunchScreen.storyboard */; };
		4A76935A20336DB7008E49B1 /* PaperTossSlickTests.swift in Sources */ = {isa = PBXBuildFile; fileRef = 4A76935920336DB7008E49B1 /* PaperTossSlickTests.swift */; };
		4A76936520336DB7008E49B1 /* PaperTossSlickUITests.swift in Sources */ = {isa = PBXBuildFile; fileRef = 4A76936420336DB7008E49B1 /* PaperTossSlickUITests.swift */; };
/* End PBXBuildFile section */

/* Begin PBXContainerItemProxy section */
		4A76935620336DB7008E49B1 /* PBXContainerItemProxy */ = {
			isa = PBXContainerItemProxy;
			containerPortal = 4A76933320336DB7008E49B1 /* Project object */;
			proxyType = 1;
			remoteGlobalIDString = 4A76933A20336DB7008E49B1;
			remoteInfo = PaperTossSlick;
		};
		4A76936120336DB7008E49B1 /* PBXContainerItemProxy */ = {
			isa = PBXContainerItemProxy;
			containerPortal = 4A76933320336DB7008E49B1 /* Project object */;
			proxyType = 1;
			remoteGlobalIDString = 4A76933A20336DB7008E49B1;
			remoteInfo = PaperTossSlick;
		};
/* End PBXContainerItemProxy section */

/* Begin PBXFileReference section */
		4A76933B20336DB7008E49B1 /* PaperTossSlick.app */ = {isa = PBXFileReference; explicitFileType = wrapper.application; includeInIndex = 0; path = PaperTossSlick.app; sourceTree = BUILT_PRODUCTS_DIR; };
		4A76933E20336DB7008E49B1 /* AppDelegate.swift */ = {isa = PBXFileReference; lastKnownFileType = sourcecode.swift; path = AppDelegate.swift; sourceTree = "<group>"; };
		4A76934020336DB7008E49B1 /* GameScene.sks */ = {isa = PBXFileReference; lastKnownFileType = file.sks; path = GameScene.sks; sourceTree = "<group>"; };
		4A76934220336DB7008E49B1 /* Actions.sks */ = {isa = PBXFileReference; lastKnownFileType = file.sks; path = Actions.sks; sourceTree = "<group>"; };
		4A76934420336DB7008E49B1 /* GameScene.swift */ = {isa = PBXFileReference; lastKnownFileType = sourcecode.swift; path = GameScene.swift; sourceTree = "<group>"; };
		4A76934620336DB7008E49B1 /* GameViewController.swift */ = {isa = PBXFileReference; lastKnownFileType = sourcecode.swift; path = GameViewController.swift; sourceTree = "<group>"; };
		4A76934920336DB7008E49B1 /* Base */ = {isa = PBXFileReference; lastKnownFileType = file.storyboard; name = Base; path = Base.lproj/Main.storyboard; sourceTree = "<group>"; };
		4A76934B20336DB7008E49B1 /* Assets.xcassets */ = {isa = PBXFileReference; lastKnownFileType = folder.assetcatalog; path = Assets.xcassets; sourceTree = "<group>"; };
		4A76934E20336DB7008E49B1 /* Base */ = {isa = PBXFileReference; lastKnownFileType = file.storyboard; name = Base; path = Base.lproj/LaunchScreen.storyboard; sourceTree = "<group>"; };
		4A76935020336DB7008E49B1 /* Info.plist */ = {isa = PBXFileReference; lastKnownFileType = text.plist.xml; path = Info.plist; sourceTree = "<group>"; };
		4A76935520336DB7008E49B1 /* PaperTossSlickTests.xctest */ = {isa = PBXFileReference; explicitFileType = wrapper.cfbundle; includeInIndex = 0; path = PaperTossSlickTests.xctest; sourceTree = BUILT_PRODUCTS_DIR; };
		4A76935920336DB7008E49B1 /* PaperTossSlickTests.swift */ = {isa = PBXFileReference; lastKnownFileType = sourcecode.swift; path = PaperTossSlickTests.swift; sourceTree = "<group>"; };
		4A76935B20336DB7008E49B1 /* Info.plist */ = {isa = PBXFileReference; lastKnownFileType = text.plist.xml; path = Info.plist; sourceTree = "<group>"; };
		4A76936020336DB7008E49B1 /* PaperTossSlickUITests.xctest */ = {isa = PBXFileReference; explicitFileType = wrapper.cfbundle; includeInIndex = 0; path = PaperTossSlickUITests.xctest; sourceTree = BUILT_PRODUCTS_DIR; };
		4A76936420336DB7008E49B1 /* PaperTossSlickUITests.swift */ = {isa = PBXFileReference; lastKnownFileType = sourcecode.swift; path = PaperTossSlickUITests.swift; sourceTree = "<group>"; };
		4A76936620336DB7008E49B1 /* Info.plist */ = {isa = PBXFileReference; lastKnownFileType = text.plist.xml; path = Info.plist; sourceTree = "<group>"; };
/* End PBXFileReference section */

/* Begin PBXFrameworksBuildPhase section */
		4A76933820336DB7008E49B1 /* Frameworks */ = {
			isa = PBXFrameworksBuildPhase;
			buildActionMask = 2147483647;
			files = (
			);
			runOnlyForDeploymentPostprocessing = 0;
		};
		4A76935220336DB7008E49B1 /* Frameworks */ = {
			isa = PBXFrameworksBuildPhase;
			buildActionMask = 2147483647;
			files = (
			);
			runOnlyForDeploymentPostprocessing = 0;
		};
		4A76935D20336DB7008E49B1 /* Frameworks */ = {
			isa = PBXFrameworksBuildPhase;
			buildActionMask = 2147483647;
			files = (
			);
			runOnlyForDeploymentPostprocessing = 0;
		};
/* End PBXFrameworksBuildPhase section */

/* Begin PBXGroup section */
		4A76933220336DB7008E49B1 = {
			isa = PBXGroup;
			children = (
				4A76933D20336DB7008E49B1 /* PaperTossSlick */,
				4A76935820336DB7008E49B1 /* PaperTossSlickTests */,
				4A76936320336DB7008E49B1 /* PaperTossSlickUITests */,
				4A76933C20336DB7008E49B1 /* Products */,
			);
			sourceTree = "<group>";
		};
		4A76933C20336DB7008E49B1 /* Products */ = {
			isa = PBXGroup;
			children = (
				4A76933B20336DB7008E49B1 /* PaperTossSlick.app */,
				4A76935520336DB7008E49B1 /* PaperTossSlickTests.xctest */,
				4A76936020336DB7008E49B1 /* PaperTossSlickUITests.xctest */,
			);
			name = Products;
			sourceTree = "<group>";
		};
		4A76933D20336DB7008E49B1 /* PaperTossSlick */ = {
			isa = PBXGroup;
			children = (
				4A76933E20336DB7008E49B1 /* AppDelegate.swift */,
				4A76934020336DB7008E49B1 /* GameScene.sks */,
				4A76934220336DB7008E49B1 /* Actions.sks */,
				4A76934420336DB7008E49B1 /* GameScene.swift */,
				4A76934620336DB7008E49B1 /* GameViewController.swift */,
				4A76934820336DB7008E49B1 /* Main.storyboard */,
				4A76934B20336DB7008E49B1 /* Assets.xcassets */,
				4A76934D20336DB7008E49B1 /* LaunchScreen.storyboard */,
				4A76935020336DB7008E49B1 /* Info.plist */,
			);
			path = PaperTossSlick;
			sourceTree = "<group>";
		};
		4A76935820336DB7008E49B1 /* PaperTossSlickTests */ = {
			isa = PBXGroup;
			children = (
				4A76935920336DB7008E49B1 /* PaperTossSlickTests.swift */,
				4A76935B20336DB7008E49B1 /* Info.plist */,
			);
			path = PaperTossSlickTests;
			sourceTree = "<group>";
		};
		4A76936320336DB7008E49B1 /* PaperTossSlickUITests */ = {
			isa = PBXGroup;
			children = (
				4A76936420336DB7008E49B1 /* PaperTossSlickUITests.swift */,
				4A76936620336DB7008E49B1 /* Info.plist */,
			);
			path = PaperTossSlickUITests;
			sourceTree = "<group>";
		};
/* End PBXGroup section */

/* Begin PBXNativeTarget section */
		4A76933A20336DB7008E49B1 /* PaperTossSlick */ = {
			isa = PBXNativeTarget;
			buildConfigurationList = 4A76936920336DB7008E49B1 /* Build configuration list for PBXNativeTarget "PaperTossSlick" */;
			buildPhases = (
				4A76933720336DB7008E49B1 /* Sources */,
				4A76933820336DB7008E49B1 /* Frameworks */,
				4A76933920336DB7008E49B1 /* Resources */,
			);
			buildRules = (
			);
			dependencies = (
			);
			name = PaperTossSlick;
			productName = PaperTossSlick;
			productReference = 4A76933B20336DB7008E49B1 /* PaperTossSlick.app */;
			productType = "com.apple.product-type.application";
		};
		4A76935420336DB7008E49B1 /* PaperTossSlickTests */ = {
			isa = PBXNativeTarget;
			buildConfigurationList = 4A76936C20336DB7008E49B1 /* Build configuration list for PBXNativeTarget "PaperTossSlickTests" */;
			buildPhases = (
				4A76935120336DB7008E49B1 /* Sources */,
				4A76935220336DB7008E49B1 /* Frameworks */,
				4A76935320336DB7008E49B1 /* Resources */,
			);
			buildRules = (
			);
			dependencies = (
				4A76935720336DB7008E49B1 /* PBXTargetDependency */,
			);
			name = PaperTossSlickTests;
			productName = PaperTossSlickTests;
			productReference = 4A76935520336DB7008E49B1 /* PaperTossSlickTests.xctest */;
			productType = "com.apple.product-type.bundle.unit-test";
		};
		4A76935F20336DB7008E49B1 /* PaperTossSlickUITests */ = {
			isa = PBXNativeTarget;
			buildConfigurationList = 4A76936F20336DB7008E49B1 /* Build configuration list for PBXNativeTarget "PaperTossSlickUITests" */;
			buildPhases = (
				4A76935C20336DB7008E49B1 /* Sources */,
				4A76935D20336DB7008E49B1 /* Frameworks */,
				4A76935E20336DB7008E49B1 /* Resources */,
			);
			buildRules = (
			);
			dependencies = (
				4A76936220336DB7008E49B1 /* PBXTargetDependency */,
			);
			name = PaperTossSlickUITests;
			productName = PaperTossSlickUITests;
			productReference = 4A76936020336DB7008E49B1 /* PaperTossSlickUITests.xctest */;
			productType = "com.apple.product-type.bundle.ui-testing";
		};
/* End PBXNativeTarget section */

/* Begin PBXProject section */
		4A76933320336DB7008E49B1 /* Project object */ = {
			isa = PBXProject;
			attributes = {
				LastSwiftUpdateCheck = 0920;
				LastUpgradeCheck = 0920;
				ORGANIZATIONNAME = "Tiago Pinheiro";
				TargetAttributes = {
					4A76933A20336DB7008E49B1 = {
						CreatedOnToolsVersion = 9.2;
						ProvisioningStyle = Automatic;
					};
					4A76935420336DB7008E49B1 = {
						CreatedOnToolsVersion = 9.2;
						ProvisioningStyle = Automatic;
						TestTargetID = 4A76933A20336DB7008E49B1;
					};
					4A76935F20336DB7008E49B1 = {
						CreatedOnToolsVersion = 9.2;
						ProvisioningStyle = Automatic;
						TestTargetID = 4A76933A20336DB7008E49B1;
					};
				};
			};
			buildConfigurationList = 4A76933620336DB7008E49B1 /* Build configuration list for PBXProject "PaperTossSlick" */;
			compatibilityVersion = "Xcode 8.0";
			developmentRegion = en;
			hasScannedForEncodings = 0;
			knownRegions = (
				en,
				Base,
			);
			mainGroup = 4A76933220336DB7008E49B1;
			productRefGroup = 4A76933C20336DB7008E49B1 /* Products */;
			projectDirPath = "";
			projectRoot = "";
			targets = (
				4A76933A20336DB7008E49B1 /* PaperTossSlick */,
				4A76935420336DB7008E49B1 /* PaperTossSlickTests */,
				4A76935F20336DB7008E49B1 /* PaperTossSlickUITests */,
			);
		};
/* End PBXProject section */

/* Begin PBXResourcesBuildPhase section */
		4A76933920336DB7008E49B1 /* Resources */ = {
			isa = PBXResourcesBuildPhase;
			buildActionMask = 2147483647;
			files = (
				4A76934A20336DB7008E49B1 /* Main.storyboard in Resources */,
				4A76934120336DB7008E49B1 /* GameScene.sks in Resources */,
				4A76934C20336DB7008E49B1 /* Assets.xcassets in Resources */,
				4A76934F20336DB7008E49B1 /* LaunchScreen.storyboard in Resources */,
				4A76934320336DB7008E49B1 /* Actions.sks in Resources */,
			);
			runOnlyForDeploymentPostprocessing = 0;
		};
		4A76935320336DB7008E49B1 /* Resources */ = {
			isa = PBXResourcesBuildPhase;
			buildActionMask = 2147483647;
			files = (
			);
			runOnlyForDeploymentPostprocessing = 0;
		};
		4A76935E20336DB7008E49B1 /* Resources */ = {
			isa = PBXResourcesBuildPhase;
			buildActionMask = 2147483647;
			files = (
			);
			runOnlyForDeploymentPostprocessing = 0;
		};
/* End PBXResourcesBuildPhase section */

/* Begin PBXSourcesBuildPhase section */
		4A76933720336DB7008E49B1 /* Sources */ = {
			isa = PBXSourcesBuildPhase;
			buildActionMask = 2147483647;
			files = (
				4A76934520336DB7008E49B1 /* GameScene.swift in Sources */,
				4A76934720336DB7008E49B1 /* GameViewController.swift in Sources */,
				4A76933F20336DB7008E49B1 /* AppDelegate.swift in Sources */,
			);
			runOnlyForDeploymentPostprocessing = 0;
		};
		4A76935120336DB7008E49B1 /* Sources */ = {
			isa = PBXSourcesBuildPhase;
			buildActionMask = 2147483647;
			files = (
				4A76935A20336DB7008E49B1 /* PaperTossSlickTests.swift in Sources */,
			);
			runOnlyForDeploymentPostprocessing = 0;
		};
		4A76935C20336DB7008E49B1 /* Sources */ = {
			isa = PBXSourcesBuildPhase;
			buildActionMask = 2147483647;
			files = (
				4A76936520336DB7008E49B1 /* PaperTossSlickUITests.swift in Sources */,
			);
			runOnlyForDeploymentPostprocessing = 0;
		};
/* End PBXSourcesBuildPhase section */

/* Begin PBXTargetDependency section */
		4A76935720336DB7008E49B1 /* PBXTargetDependency */ = {
			isa = PBXTargetDependency;
			target = 4A76933A20336DB7008E49B1 /* PaperTossSlick */;
			targetProxy = 4A76935620336DB7008E49B1 /* PBXContainerItemProxy */;
		};
		4A76936220336DB7008E49B1 /* PBXTargetDependency */ = {
			isa = PBXTargetDependency;
			target = 4A76933A20336DB7008E49B1 /* PaperTossSlick */;
			targetProxy = 4A76936120336DB7008E49B1 /* PBXContainerItemProxy */;
		};
/* End PBXTargetDependency section */

/* Begin PBXVariantGroup section */
		4A76934820336DB7008E49B1 /* Main.storyboard */ = {
			isa = PBXVariantGroup;
			children = (
				4A76934920336DB7008E49B1 /* Base */,
			);
			name = Main.storyboard;
			sourceTree = "<group>";
		};
		4A76934D20336DB7008E49B1 /* LaunchScreen.storyboard */ = {
			isa = PBXVariantGroup;
			children = (
				4A76934E20336DB7008E49B1 /* Base */,
			);
			name = LaunchScreen.storyboard;
			sourceTree = "<group>";
		};
/* End PBXVariantGroup section */

/* Begin XCBuildConfiguration section */
		4A76936720336DB7008E49B1 /* Debug */ = {
			isa = XCBuildConfiguration;
			buildSettings = {
				ALWAYS_SEARCH_USER_PATHS = NO;
				CLANG_ANALYZER_NONNULL = YES;
				CLANG_ANALYZER_NUMBER_OBJECT_CONVERSION = YES_AGGRESSIVE;
				CLANG_CXX_LANGUAGE_STANDARD = "gnu++14";
				CLANG_CXX_LIBRARY = "libc++";
				CLANG_ENABLE_MODULES = YES;
				CLANG_ENABLE_OBJC_ARC = YES;
				CLANG_WARN_BLOCK_CAPTURE_AUTORELEASING = YES;
				CLANG_WARN_BOOL_CONVERSION = YES;
				CLANG_WARN_COMMA = YES;
				CLANG_WARN_CONSTANT_CONVERSION = YES;
				CLANG_WARN_DIRECT_OBJC_ISA_USAGE = YES_ERROR;
				CLANG_WARN_DOCUMENTATION_COMMENTS = YES;
				CLANG_WARN_EMPTY_BODY = YES;
				CLANG_WARN_ENUM_CONVERSION = YES;
				CLANG_WARN_INFINITE_RECURSION = YES;
				CLANG_WARN_INT_CONVERSION = YES;
				CLANG_WARN_NON_LITERAL_NULL_CONVERSION = YES;
				CLANG_WARN_OBJC_LITERAL_CONVERSION = YES;
				CLANG_WARN_OBJC_ROOT_CLASS = YES_ERROR;
				CLANG_WARN_RANGE_LOOP_ANALYSIS = YES;
				CLANG_WARN_STRICT_PROTOTYPES = YES;
				CLANG_WARN_SUSPICIOUS_MOVE = YES;
				CLANG_WARN_UNGUARDED_AVAILABILITY = YES_AGGRESSIVE;
				CLANG_WARN_UNREACHABLE_CODE = YES;
				CLANG_WARN__DUPLICATE_METHOD_MATCH = YES;
				CODE_SIGN_IDENTITY = "iPhone Developer";
				COPY_PHASE_STRIP = NO;
				DEBUG_INFORMATION_FORMAT = dwarf;
				ENABLE_STRICT_OBJC_MSGSEND = YES;
				ENABLE_TESTABILITY = YES;
				GCC_C_LANGUAGE_STANDARD = gnu11;
				GCC_DYNAMIC_NO_PIC = NO;
				GCC_NO_COMMON_BLOCKS = YES;
				GCC_OPTIMIZATION_LEVEL = 0;
				GCC_PREPROCESSOR_DEFINITIONS = (
					"DEBUG=1",
					"$(inherited)",
				);
				GCC_WARN_64_TO_32_BIT_CONVERSION = YES;
				GCC_WARN_ABOUT_RETURN_TYPE = YES_ERROR;
				GCC_WARN_UNDECLARED_SELECTOR = YES;
				GCC_WARN_UNINITIALIZED_AUTOS = YES_AGGRESSIVE;
				GCC_WARN_UNUSED_FUNCTION = YES;
				GCC_WARN_UNUSED_VARIABLE = YES;
				IPHONEOS_DEPLOYMENT_TARGET = 11.2;
				MTL_ENABLE_DEBUG_INFO = YES;
				ONLY_ACTIVE_ARCH = YES;
				SDKROOT = iphoneos;
				SWIFT_ACTIVE_COMPILATION_CONDITIONS = DEBUG;
				SWIFT_OPTIMIZATION_LEVEL = "-Onone";
			};
			name = Debug;
		};
		4A76936820336DB7008E49B1 /* Release */ = {
			isa = XCBuildConfiguration;
			buildSettings = {
				ALWAYS_SEARCH_USER_PATHS = NO;
				CLANG_ANALYZER_NONNULL = YES;
				CLANG_ANALYZER_NUMBER_OBJECT_CONVERSION = YES_AGGRESSIVE;
				CLANG_CXX_LANGUAGE_STANDARD = "gnu++14";
				CLANG_CXX_LIBRARY = "libc++";
				CLANG_ENABLE_MODULES = YES;
				CLANG_ENABLE_OBJC_ARC = YES;
				CLANG_WARN_BLOCK_CAPTURE_AUTORELEASING = YES;
				CLANG_WARN_BOOL_CONVERSION = YES;
				CLANG_WARN_COMMA = YES;
				CLANG_WARN_CONSTANT_CONVERSION = YES;
				CLANG_WARN_DIRECT_OBJC_ISA_USAGE = YES_ERROR;
				CLANG_WARN_DOCUMENTATION_COMMENTS = YES;
				CLANG_WARN_EMPTY_BODY = YES;
				CLANG_WARN_ENUM_CONVERSION = YES;
				CLANG_WARN_INFINITE_RECURSION = YES;
				CLANG_WARN_INT_CONVERSION = YES;
				CLANG_WARN_NON_LITERAL_NULL_CONVERSION = YES;
				CLANG_WARN_OBJC_LITERAL_CONVERSION = YES;
				CLANG_WARN_OBJC_ROOT_CLASS = YES_ERROR;
				CLANG_WARN_RANGE_LOOP_ANALYSIS = YES;
				CLANG_WARN_STRICT_PROTOTYPES = YES;
				CLANG_WARN_SUSPICIOUS_MOVE = YES;
				CLANG_WARN_UNGUARDED_AVAILABILITY = YES_AGGRESSIVE;
				CLANG_WARN_UNREACHABLE_CODE = YES;
				CLANG_WARN__DUPLICATE_METHOD_MATCH = YES;
				CODE_SIGN_IDENTITY = "iPhone Developer";
				COPY_PHASE_STRIP = NO;
				DEBUG_INFORMATION_FORMAT = "dwarf-with-dsym";
				ENABLE_NS_ASSERTIONS = NO;
				ENABLE_STRICT_OBJC_MSGSEND = YES;
				GCC_C_LANGUAGE_STANDARD = gnu11;
				GCC_NO_COMMON_BLOCKS = YES;
				GCC_WARN_64_TO_32_BIT_CONVERSION = YES;
				GCC_WARN_ABOUT_RETURN_TYPE = YES_ERROR;
				GCC_WARN_UNDECLARED_SELECTOR = YES;
				GCC_WARN_UNINITIALIZED_AUTOS = YES_AGGRESSIVE;
				GCC_WARN_UNUSED_FUNCTION = YES;
				GCC_WARN_UNUSED_VARIABLE = YES;
				IPHONEOS_DEPLOYMENT_TARGET = 11.2;
				MTL_ENABLE_DEBUG_INFO = NO;
				SDKROOT = iphoneos;
				SWIFT_OPTIMIZATION_LEVEL = "-Owholemodule";
				VALIDATE_PRODUCT = YES;
			};
			name = Release;
		};
		4A76936A20336DB7008E49B1 /* Debug */ = {
			isa = XCBuildConfiguration;
			buildSettings = {
				ASSETCATALOG_COMPILER_APPICON_NAME = AppIcon;
				CODE_SIGN_STYLE = Automatic;
				DEVELOPMENT_TEAM = B6HCAE264X;
				INFOPLIST_FILE = PaperTossSlick/Info.plist;
				LD_RUNPATH_SEARCH_PATHS = "$(inherited) @executable_path/Frameworks";
				PRODUCT_BUNDLE_IDENTIFIER = com.TiagoPinheiro.PaperTossSlick;
				PRODUCT_NAME = "$(TARGET_NAME)";
				SWIFT_VERSION = 4.0;
				TARGETED_DEVICE_FAMILY = "1,2";
			};
			name = Debug;
		};
		4A76936B20336DB7008E49B1 /* Release */ = {
			isa = XCBuildConfiguration;
			buildSettings = {
				ASSETCATALOG_COMPILER_APPICON_NAME = AppIcon;
				CODE_SIGN_STYLE = Automatic;
				DEVELOPMENT_TEAM = B6HCAE264X;
				INFOPLIST_FILE = PaperTossSlick/Info.plist;
				LD_RUNPATH_SEARCH_PATHS = "$(inherited) @executable_path/Frameworks";
				PRODUCT_BUNDLE_IDENTIFIER = com.TiagoPinheiro.PaperTossSlick;
				PRODUCT_NAME = "$(TARGET_NAME)";
				SWIFT_VERSION = 4.0;
				TARGETED_DEVICE_FAMILY = "1,2";
			};
			name = Release;
		};
		4A76936D20336DB7008E49B1 /* Debug */ = {
			isa = XCBuildConfiguration;
			buildSettings = {
				ALWAYS_EMBED_SWIFT_STANDARD_LIBRARIES = YES;
				BUNDLE_LOADER = "$(TEST_HOST)";
				CODE_SIGN_STYLE = Automatic;
				DEVELOPMENT_TEAM = B6HCAE264X;
				INFOPLIST_FILE = PaperTossSlickTests/Info.plist;
				LD_RUNPATH_SEARCH_PATHS = "$(inherited) @executable_path/Frameworks @loader_path/Frameworks";
				PRODUCT_BUNDLE_IDENTIFIER = com.TiagoPinheiro.PaperTossSlickTests;
				PRODUCT_NAME = "$(TARGET_NAME)";
				SWIFT_VERSION = 4.0;
				TARGETED_DEVICE_FAMILY = "1,2";
				TEST_HOST = "$(BUILT_PRODUCTS_DIR)/PaperTossSlick.app/PaperTossSlick";
			};
			name = Debug;
		};
		4A76936E20336DB7008E49B1 /* Release */ = {
			isa = XCBuildConfiguration;
			buildSettings = {
				ALWAYS_EMBED_SWIFT_STANDARD_LIBRARIES = YES;
				BUNDLE_LOADER = "$(TEST_HOST)";
				CODE_SIGN_STYLE = Automatic;
				DEVELOPMENT_TEAM = B6HCAE264X;
				INFOPLIST_FILE = PaperTossSlickTests/Info.plist;
				LD_RUNPATH_SEARCH_PATHS = "$(inherited) @executable_path/Frameworks @loader_path/Frameworks";
				PRODUCT_BUNDLE_IDENTIFIER = com.TiagoPinheiro.PaperTossSlickTests;
				PRODUCT_NAME = "$(TARGET_NAME)";
				SWIFT_VERSION = 4.0;
				TARGETED_DEVICE_FAMILY = "1,2";
				TEST_HOST = "$(BUILT_PRODUCTS_DIR)/PaperTossSlick.app/PaperTossSlick";
			};
			name = Release;
		};
		4A76937020336DB7008E49B1 /* Debug */ = {
			isa = XCBuildConfiguration;
			buildSettings = {
				ALWAYS_EMBED_SWIFT_STANDARD_LIBRARIES = YES;
				CODE_SIGN_STYLE = Automatic;
				DEVELOPMENT_TEAM = B6HCAE264X;
				INFOPLIST_FILE = PaperTossSlickUITests/Info.plist;
				LD_RUNPATH_SEARCH_PATHS = "$(inherited) @executable_path/Frameworks @loader_path/Frameworks";
				PRODUCT_BUNDLE_IDENTIFIER = com.TiagoPinheiro.PaperTossSlickUITests;
				PRODUCT_NAME = "$(TARGET_NAME)";
				SWIFT_VERSION = 4.0;
				TARGETED_DEVICE_FAMILY = "1,2";
				TEST_TARGET_NAME = PaperTossSlick;
			};
			name = Debug;
		};
		4A76937120336DB7008E49B1 /* Release */ = {
			isa = XCBuildConfiguration;
			buildSettings = {
				ALWAYS_EMBED_SWIFT_STANDARD_LIBRARIES = YES;
				CODE_SIGN_STYLE = Automatic;
				DEVELOPMENT_TEAM = B6HCAE264X;
				INFOPLIST_FILE = PaperTossSlickUITests/Info.plist;
				LD_RUNPATH_SEARCH_PATHS = "$(inherited) @executable_path/Frameworks @loader_path/Frameworks";
				PRODUCT_BUNDLE_IDENTIFIER = com.TiagoPinheiro.PaperTossSlickUITests;
				PRODUCT_NAME = "$(TARGET_NAME)";
				SWIFT_VERSION = 4.0;
				TARGETED_DEVICE_FAMILY = "1,2";
				TEST_TARGET_NAME = PaperTossSlick;
			};
			name = Release;
		};
/* End XCBuildConfiguration section */

/* Begin XCConfigurationList section */
		4A76933620336DB7008E49B1 /* Build configuration list for PBXProject "PaperTossSlick" */ = {
			isa = XCConfigurationList;
			buildConfigurations = (
				4A76936720336DB7008E49B1 /* Debug */,
				4A76936820336DB7008E49B1 /* Release */,
			);
			defaultConfigurationIsVisible = 0;
			defaultConfigurationName = Release;
		};
		4A76936920336DB7008E49B1 /* Build configuration list for PBXNativeTarget "PaperTossSlick" */ = {
			isa = XCConfigurationList;
			buildConfigurations = (
				4A76936A20336DB7008E49B1 /* Debug */,
				4A76936B20336DB7008E49B1 /* Release */,
			);
			defaultConfigurationIsVisible = 0;
			defaultConfigurationName = Release;
		};
		4A76936C20336DB7008E49B1 /* Build configuration list for PBXNativeTarget "PaperTossSlickTests" */ = {
			isa = XCConfigurationList;
			buildConfigurations = (
				4A76936D20336DB7008E49B1 /* Debug */,
				4A76936E20336DB7008E49B1 /* Release */,
			);
			defaultConfigurationIsVisible = 0;
			defaultConfigurationName = Release;
		};
		4A76936F20336DB7008E49B1 /* Build configuration list for PBXNativeTarget "PaperTossSlickUITests" */ = {
			isa = XCConfigurationList;
			buildConfigurations = (
				4A76937020336DB7008E49B1 /* Debug */,
				4A76937120336DB7008E49B1 /* Release */,
			);
			defaultConfigurationIsVisible = 0;
			defaultConfigurationName = Release;
		};
/* End XCConfigurationList section */
	};
	rootObject = 4A76933320336DB7008E49B1 /* Project object */;
}
